{
  "version": 4,
  "terraform_version": "1.3.1",
  "serial": 43,
  "lineage": "d07fce69-f990-a6c7-bb9a-6457d616f384",
  "outputs": {},
  "resources": [
    {
      "mode": "managed",
      "type": "aws_eks_cluster",
      "name": "eksdemo",
      "provider": "provider[\"registry.terraform.io/hashicorp/aws\"]",
      "instances": [
        {
          "schema_version": 0,
          "attributes": {
            "arn": "arn:aws:eks:us-east-1:735402589844:cluster/EKS-cluster",
            "certificate_authority": [
              {
                "data": "LS0tLS1CRUdJTiBDRVJUSUZJQ0FURS0tLS0tCk1JSUMvakNDQWVhZ0F3SUJBZ0lCQURBTkJna3Foa2lHOXcwQkFRc0ZBREFWTVJNd0VRWURWUVFERXdwcmRXSmwKY201bGRHVnpNQjRYRFRJeU1URXlOREV3TURJeE0xb1hEVE15TVRFeU1URXdNREl4TTFvd0ZURVRNQkVHQTFVRQpBeE1LYTNWaVpYSnVaWFJsY3pDQ0FTSXdEUVlKS29aSWh2Y05BUUVCQlFBRGdnRVBBRENDQVFvQ2dnRUJBTHk5CjhHeld1aVNUWno5VnZncC9wWkx2aXltRVBXdDF2ZkFUS25Qaldyd285aGJOaGU3N29FS1VJK0ErNW53Um85eDgKeXFiNWt5WDhuSk1WcWc2enByaFNuQ3EwbkNHdHA4NE5HcG1OeUVwZEJBNk9MRkI0bTJ2L2dIVlVaNVVtTi95NgpRdmhUeElud3h1RkVKb2ZydFA5WjJYRGNVNFh2dnQ1TnNxUzJqdW1aUHhQSHdOVzMwdHBtaFJoTXJKQnVkZ0Q5CkZua3dqZzkxeFdMTFVsb1QvZmlrV2VXSFlkd0pDSHU1Z3J0MXRScGkrYlR0WjlqcGk5WFExb1QxYys3d01BTHYKMjFOZVB6eTB6OVZ6c0EwUGduRmttNHBJZVRzdWhIT2VCUjFiS3ZHS2c1VHRBTXdOc3JHNDVucDByUHlBMEsreApVTkhCdjlROEFGQjJjNXR4dEprQ0F3RUFBYU5aTUZjd0RnWURWUjBQQVFIL0JBUURBZ0trTUE4R0ExVWRFd0VCCi93UUZNQU1CQWY4d0hRWURWUjBPQkJZRUZBWDhYeXptSTRMNmFsUCt2NWdGTFhXNHZTSEFNQlVHQTFVZEVRUU8KTUF5Q0NtdDFZbVZ5Ym1WMFpYTXdEUVlKS29aSWh2Y05BUUVMQlFBRGdnRUJBS3BVTGoyWTZjSSt1dVhNcTRtVgpIWlkvaERPNVA1ZmlPYVVhRzBkZ0wrNVMzMkduWEo3L200cmpOSGxyYzVSdWlrUWZESTg0SUR0ZTU1Z0xiVWpYCmVzaDBnN2svblFWMXJtc2ZMWTNJOHVROCtCbG9RKzZTNGVOQzl6NERRSnlZaU9jTzhmSjNLSmJVa1ZqSFNGL1YKK3ZaQnB5TzlVMXFQM1NjZW1lRW5sc2VqZzdZbWZMU2xKUElpbDZzK3B1a0plUWJVWkY2L0M2bjJ6VnBVb28xOQpYb0RDZHJVUDNUNzg1S1BnZmRRKzlOR2hBV3FWYVBUWjdJNDFtaEYxa1ZIeVdIYnNMVnUyVEVqZ2lMTkJjcU83Cm5xMkxxZTBNQmpBZTlYQnZERUZWWjh5UjZJWm5lQWlCZUZxcjNVK2xTa21VNjV6aTdOdEwvV2ZGRXVuaTVMdXoKNmFBPQotLS0tLUVORCBDRVJUSUZJQ0FURS0tLS0tCg=="
              }
            ],
            "created_at": "2022-11-24 09:56:56.052 +0000 UTC",
            "enabled_cluster_log_types": [],
            "encryption_config": [],
            "endpoint": "https://45AC36D9DB5C6193940E134BF0358AD0.gr7.us-east-1.eks.amazonaws.com",
            "id": "EKS-cluster",
            "identity": [
              {
                "oidc": [
                  {
                    "issuer": "https://oidc.eks.us-east-1.amazonaws.com/id/45AC36D9DB5C6193940E134BF0358AD0"
                  }
                ]
              }
            ],
            "kubernetes_network_config": [
              {
                "ip_family": "ipv4",
                "service_ipv4_cidr": "10.100.0.0/16",
                "service_ipv6_cidr": ""
              }
            ],
            "name": "EKS-cluster",
            "outpost_config": [],
            "platform_version": "eks.5",
            "role_arn": "arn:aws:iam::735402589844:role/eks-cluster-role",
            "status": "ACTIVE",
            "tags": {},
            "tags_all": {},
            "timeouts": null,
            "version": "1.23",
            "vpc_config": [
              {
                "cluster_security_group_id": "sg-037f8babc22013d87",
                "endpoint_private_access": false,
                "endpoint_public_access": true,
                "public_access_cidrs": [
                  "0.0.0.0/0"
                ],
                "security_group_ids": [],
                "subnet_ids": [
                  "subnet-02fec4e90dbac9488",
                  "subnet-0d6a3d245703da7cb"
                ],
                "vpc_id": "vpc-0ba9127b9b3645d5b"
              }
            ]
          },
          "sensitive_attributes": [],
          "private": "eyJlMmJmYjczMC1lY2FhLTExZTYtOGY4OC0zNDM2M2JjN2M0YzAiOnsiY3JlYXRlIjoxODAwMDAwMDAwMDAwLCJkZWxldGUiOjkwMDAwMDAwMDAwMCwidXBkYXRlIjozNjAwMDAwMDAwMDAwfX0=",
          "dependencies": [
            "aws_iam_role.eksdemorole",
            "aws_iam_role_policy_attachment.eksdemorole-AmazonEKSClusterPolicy",
            "aws_iam_role_policy_attachment.eksdemorole-AmazonEKSVPCResourceController"
          ]
        }
      ]
    },
    {
      "mode": "managed",
      "type": "aws_iam_role",
      "name": "eksdemorole",
      "provider": "provider[\"registry.terraform.io/hashicorp/aws\"]",
      "instances": [
        {
          "schema_version": 0,
          "attributes": {
            "arn": "arn:aws:iam::735402589844:role/eks-cluster-role",
            "assume_role_policy": "{\"Statement\":[{\"Action\":\"sts:AssumeRole\",\"Effect\":\"Allow\",\"Principal\":{\"Service\":\"eks.amazonaws.com\"}}],\"Version\":\"2012-10-17\"}",
            "create_date": "2022-11-24T09:53:24Z",
            "description": "",
            "force_detach_policies": false,
            "id": "eks-cluster-role",
            "inline_policy": [],
            "managed_policy_arns": [
              "arn:aws:iam::aws:policy/AmazonEKSClusterPolicy",
              "arn:aws:iam::aws:policy/AmazonEKSVPCResourceController"
            ],
            "max_session_duration": 3600,
            "name": "eks-cluster-role",
            "name_prefix": "",
            "path": "/",
            "permissions_boundary": null,
            "tags": {},
            "tags_all": {},
            "unique_id": "AROA2WOLI72KI7K6UTART"
          },
          "sensitive_attributes": [],
          "private": "bnVsbA=="
        }
      ]
    },
    {
      "mode": "managed",
      "type": "aws_iam_role_policy_attachment",
      "name": "eksdemorole-AmazonEKSClusterPolicy",
      "provider": "provider[\"registry.terraform.io/hashicorp/aws\"]",
      "instances": [
        {
          "schema_version": 0,
          "attributes": {
            "id": "eks-cluster-role-20221124095326990600000005",
            "policy_arn": "arn:aws:iam::aws:policy/AmazonEKSClusterPolicy",
            "role": "eks-cluster-role"
          },
          "sensitive_attributes": [],
          "private": "bnVsbA==",
          "dependencies": [
            "aws_iam_role.eksdemorole"
          ]
        }
      ]
    },
    {
      "mode": "managed",
      "type": "aws_iam_role_policy_attachment",
      "name": "eksdemorole-AmazonEKSVPCResourceController",
      "provider": "provider[\"registry.terraform.io/hashicorp/aws\"]",
      "instances": [
        {
          "schema_version": 0,
          "attributes": {
            "id": "eks-cluster-role-20221124095326582800000004",
            "policy_arn": "arn:aws:iam::aws:policy/AmazonEKSVPCResourceController",
            "role": "eks-cluster-role"
          },
          "sensitive_attributes": [],
          "private": "bnVsbA==",
          "dependencies": [
            "aws_iam_role.eksdemorole"
          ]
        }
      ]
    }
  ],
  "check_results": []
}
